<Solution>
  <Project Path="DZ07.12.2025/DZ07.12.2025.csproj" Id="c4636861-3425-4c5a-968f-3b83b9e2a7e2" />
  <Project Path="DZ09.12.2025/DZ09.12.2025.csproj" Id="47d9cb7a-fe98-4413-8e2f-e8e0fe23176f" />
  <Project Path="dz11.12.2025/dz11.12.2025.csproj" Id="515fd618-c9b1-496e-b005-5459131b0de9" />
  <Project Path="dZ14.12.2025/dZ14.12.2025.csproj" Id="2eda9fa5-aa4a-4b4e-b52a-ad404dd63c38" />
  <Project Path="DZ16.12.2025/DZ16.12.2025.csproj" Id="b0eaebbf-325b-4299-8d6d-18acccd2f690" />
  <Project Path="PV_521_sharp/PV_521_sharp.csproj" />
</Solution>
